# @generated - this file is auto-generated by `mise lock` https://mise.en.dev/dev-tools/mise-lock.html

[[tools."cargo:cargo-ndk"]]
version = "4.1.2"
backend = "cargo:cargo-ndk"

[[tools."cargo:cbindgen"]]
version = "0.29.3"
backend = "cargo:cbindgen"

[[tools.rust]]
version = "1.96.0"
backend = "core:rust"
