# @generated - this file is auto-generated by `mise lock` https://mise.en.dev/dev-tools/mise-lock.html

[[tools."cargo:cargo-ndk"]]
version = "4.1.2"
backend = "cargo:cargo-ndk"

[[tools."cargo:cbindgen"]]
version = "0.29.3"
backend = "cargo:cbindgen"

[[tools.java]]
version = "temurin-17.0.19+10"
backend = "core:java"

[tools.java."platforms.macos-arm64"]
checksum = "sha256:8fa1eff40bb637a33613b2ccb8b12c70dc3661cc22cf8e784943715769a05336"
url = "https://github.com/adoptium/temurin17-binaries/releases/download/jdk-17.0.19%2B10/OpenJDK17U-jdk_aarch64_mac_hotspot_17.0.19_10.tar.gz"

[[tools.rust]]
version = "1.96.0"
backend = "core:rust"
